
Microsoft Visual Studio Solution File, Format Version 12.00
Project("{FAE04EC0-301F-11D3-BF4B-00C04F79EFBC}") = "MauiExample", "MauiExample\MauiExample.csproj", "{BEE9D282-3846-4428-BEC5-46B9A5A46B20}"
EndProject
Project("{FAE04EC0-301F-11D3-BF4B-00C04F79EFBC}") = "MauiExample.tests", "MauiExample.tests\MauiExample.tests.csproj", "{B22137B0-B658-42F1-AAA6-9F9B446E3E08}"
EndProject
Global
	GlobalSection(SolutionConfigurationPlatforms) = preSolution
		Debug|Any CPU = Debug|Any CPU
		Release|Any CPU = Release|Any CPU
	EndGlobalSection
	GlobalSection(ProjectConfigurationPlatforms) = postSolution
		{BEE9D282-3846-4428-BEC5-46B9A5A46B20}.Debug|Any CPU.ActiveCfg = Debug|Any CPU
		{BEE9D282-3846-4428-BEC5-46B9A5A46B20}.Debug|Any CPU.Build.0 = Debug|Any CPU
		{BEE9D282-3846-4428-BEC5-46B9A5A46B20}.Release|Any CPU.ActiveCfg = Release|Any CPU
		{BEE9D282-3846-4428-BEC5-46B9A5A46B20}.Release|Any CPU.Build.0 = Release|Any CPU
		{B22137B0-B658-42F1-AAA6-9F9B446E3E08}.Debug|Any CPU.ActiveCfg = Debug|Any CPU
		{B22137B0-B658-42F1-AAA6-9F9B446E3E08}.Debug|Any CPU.Build.0 = Debug|Any CPU
		{B22137B0-B658-42F1-AAA6-9F9B446E3E08}.Release|Any CPU.ActiveCfg = Release|Any CPU
		{B22137B0-B658-42F1-AAA6-9F9B446E3E08}.Release|Any CPU.Build.0 = Release|Any CPU
	EndGlobalSection
EndGlobal
